
Microsoft Visual Studio Solution File, Format Version 12.00
# Visual Studio 15
VisualStudioVersion = 15.0.27703.2000
MinimumVisualStudioVersion = 10.0.40219.1
Project("{FAE04EC0-301F-11D3-BF4B-00C04F79EFBC}") = "VRConvert", "VRConvert\VRConvert.csproj", "{0AB85D23-8259-4792-8CE1-04734353B7BF}"
EndProject
Project("{FAE04EC0-301F-11D3-BF4B-00C04F79EFBC}") = "VrJpeg", "VRConvert\VrJpeg\VrJpeg.csproj", "{D27A5BA1-51C8-4116-B035-AD361A5B61F8}"
EndProject
Global
	GlobalSection(SolutionConfigurationPlatforms) = preSolution
		Debug|Any CPU = Debug|Any CPU
		Debug|x64 = Debug|x64
		Release|Any CPU = Release|Any CPU
		Release|x64 = Release|x64
	EndGlobalSection
	GlobalSection(ProjectConfigurationPlatforms) = postSolution
		{0AB85D23-8259-4792-8CE1-04734353B7BF}.Debug|Any CPU.ActiveCfg = Debug|Any CPU
		{0AB85D23-8259-4792-8CE1-04734353B7BF}.Debug|Any CPU.Build.0 = Debug|Any CPU
		{0AB85D23-8259-4792-8CE1-04734353B7BF}.Debug|x64.ActiveCfg = Debug|Any CPU
		{0AB85D23-8259-4792-8CE1-04734353B7BF}.Debug|x64.Build.0 = Debug|Any CPU
		{0AB85D23-8259-4792-8CE1-04734353B7BF}.Release|Any CPU.ActiveCfg = Release|Any CPU
		{0AB85D23-8259-4792-8CE1-04734353B7BF}.Release|Any CPU.Build.0 = Release|Any CPU
		{0AB85D23-8259-4792-8CE1-04734353B7BF}.Release|x64.ActiveCfg = Release|Any CPU
		{0AB85D23-8259-4792-8CE1-04734353B7BF}.Release|x64.Build.0 = Release|Any CPU
		{D27A5BA1-51C8-4116-B035-AD361A5B61F8}.Debug|Any CPU.ActiveCfg = Debug|Any CPU
		{D27A5BA1-51C8-4116-B035-AD361A5B61F8}.Debug|Any CPU.Build.0 = Debug|Any CPU
		{D27A5BA1-51C8-4116-B035-AD361A5B61F8}.Debug|x64.ActiveCfg = Debug|x64
		{D27A5BA1-51C8-4116-B035-AD361A5B61F8}.Debug|x64.Build.0 = Debug|x64
		{D27A5BA1-51C8-4116-B035-AD361A5B61F8}.Release|Any CPU.ActiveCfg = Release|Any CPU
		{D27A5BA1-51C8-4116-B035-AD361A5B61F8}.Release|Any CPU.Build.0 = Release|Any CPU
		{D27A5BA1-51C8-4116-B035-AD361A5B61F8}.Release|x64.ActiveCfg = Release|x64
		{D27A5BA1-51C8-4116-B035-AD361A5B61F8}.Release|x64.Build.0 = Release|x64
	EndGlobalSection
	GlobalSection(SolutionProperties) = preSolution
		HideSolutionNode = FALSE
	EndGlobalSection
	GlobalSection(ExtensibilityGlobals) = postSolution
		SolutionGuid = {5B48AA00-D886-47AB-93EF-804BD09F9386}
	EndGlobalSection
EndGlobal
